
Microsoft Visual Studio Solution File, Format Version 12.00
# Visual Studio 15
Project("{FAE04EC0-301F-11D3-BF4B-00C04F79EFBC}") = "Assembly-CSharp", "Assembly-CSharp.csproj", "{46B74D16-D549-AE63-5628-478E5BB69439}"
EndProject
Project("{FAE04EC0-301F-11D3-BF4B-00C04F79EFBC}") = "Assembly-CSharp-firstpass", "Assembly-CSharp-firstpass.csproj", "{A3C62DD4-F87F-4A49-9259-49EDA4A9ED59}"
EndProject
Project("{FAE04EC0-301F-11D3-BF4B-00C04F79EFBC}") = "Assembly-CSharp-Editor", "Assembly-CSharp-Editor.csproj", "{36C4E959-613E-F096-BD29-A1B46F7C833D}"
EndProject
Global
	GlobalSection(SolutionConfigurationPlatforms) = preSolution
		Debug|Any CPU = Debug|Any CPU
		Release|Any CPU = Release|Any CPU
	EndGlobalSection
	GlobalSection(ProjectConfigurationPlatforms) = postSolution
		{46B74D16-D549-AE63-5628-478E5BB69439}.Debug|Any CPU.ActiveCfg = Debug|Any CPU
		{46B74D16-D549-AE63-5628-478E5BB69439}.Debug|Any CPU.Build.0 = Debug|Any CPU
		{46B74D16-D549-AE63-5628-478E5BB69439}.Release|Any CPU.ActiveCfg = Release|Any CPU
		{46B74D16-D549-AE63-5628-478E5BB69439}.Release|Any CPU.Build.0 = Release|Any CPU
		{A3C62DD4-F87F-4A49-9259-49EDA4A9ED59}.Debug|Any CPU.ActiveCfg = Debug|Any CPU
		{A3C62DD4-F87F-4A49-9259-49EDA4A9ED59}.Debug|Any CPU.Build.0 = Debug|Any CPU
		{A3C62DD4-F87F-4A49-9259-49EDA4A9ED59}.Release|Any CPU.ActiveCfg = Release|Any CPU
		{A3C62DD4-F87F-4A49-9259-49EDA4A9ED59}.Release|Any CPU.Build.0 = Release|Any CPU
		{36C4E959-613E-F096-BD29-A1B46F7C833D}.Debug|Any CPU.ActiveCfg = Debug|Any CPU
		{36C4E959-613E-F096-BD29-A1B46F7C833D}.Debug|Any CPU.Build.0 = Debug|Any CPU
		{36C4E959-613E-F096-BD29-A1B46F7C833D}.Release|Any CPU.ActiveCfg = Release|Any CPU
		{36C4E959-613E-F096-BD29-A1B46F7C833D}.Release|Any CPU.Build.0 = Release|Any CPU
	EndGlobalSection
	GlobalSection(SolutionProperties) = preSolution
		HideSolutionNode = FALSE
	EndGlobalSection
EndGlobal
